
Microsoft Visual Studio Solution File, Format Version 12.00
# Visual Studio 15
VisualStudioVersion = 15.0.27130.0
MinimumVisualStudioVersion = 10.0.40219.1
Project("{FAE04EC0-301F-11D3-BF4B-00C04F79EFBC}") = "PorownanieLancuchowBialkowych", "PorownanieLancuchowBialkowych\PorownanieLancuchowBialkowych.csproj", "{32898D0D-E93B-4FAB-A312-EDD12A37EE1B}"
EndProject
Global
	GlobalSection(SolutionConfigurationPlatforms) = preSolution
		Debug|Any CPU = Debug|Any CPU
		Release|Any CPU = Release|Any CPU
	EndGlobalSection
	GlobalSection(ProjectConfigurationPlatforms) = postSolution
		{32898D0D-E93B-4FAB-A312-EDD12A37EE1B}.Debug|Any CPU.ActiveCfg = Debug|Any CPU
		{32898D0D-E93B-4FAB-A312-EDD12A37EE1B}.Debug|Any CPU.Build.0 = Debug|Any CPU
		{32898D0D-E93B-4FAB-A312-EDD12A37EE1B}.Release|Any CPU.ActiveCfg = Release|Any CPU
		{32898D0D-E93B-4FAB-A312-EDD12A37EE1B}.Release|Any CPU.Build.0 = Release|Any CPU
	EndGlobalSection
	GlobalSection(SolutionProperties) = preSolution
		HideSolutionNode = FALSE
	EndGlobalSection
	GlobalSection(ExtensibilityGlobals) = postSolution
		SolutionGuid = {CDD1D824-7D28-4F45-9ECE-0F81098F9873}
	EndGlobalSection
EndGlobal
